
Microsoft Visual Studio Solution File, Format Version 12.00
# Visual Studio Version 16
VisualStudioVersion = 16.0.30517.126
MinimumVisualStudioVersion = 10.0.40219.1
Project("{FAE04EC0-301F-11D3-BF4B-00C04F79EFBC}") = "UploadFile", "UploadFile\UploadFile.csproj", "{4FA65065-C275-4B72-81A3-B760951DDEE0}"
EndProject
Global
	GlobalSection(SolutionConfigurationPlatforms) = preSolution
		Debug|Any CPU = Debug|Any CPU
		Release|Any CPU = Release|Any CPU
	EndGlobalSection
	GlobalSection(ProjectConfigurationPlatforms) = postSolution
		{4FA65065-C275-4B72-81A3-B760951DDEE0}.Debug|Any CPU.ActiveCfg = Debug|Any CPU
		{4FA65065-C275-4B72-81A3-B760951DDEE0}.Debug|Any CPU.Build.0 = Debug|Any CPU
		{4FA65065-C275-4B72-81A3-B760951DDEE0}.Release|Any CPU.ActiveCfg = Release|Any CPU
		{4FA65065-C275-4B72-81A3-B760951DDEE0}.Release|Any CPU.Build.0 = Release|Any CPU
	EndGlobalSection
	GlobalSection(SolutionProperties) = preSolution
		HideSolutionNode = FALSE
	EndGlobalSection
	GlobalSection(ExtensibilityGlobals) = postSolution
		SolutionGuid = {D4677B21-04FE-45DA-86C5-5630B02F6D06}
	EndGlobalSection
EndGlobal
